
Microsoft Visual Studio Solution File, Format Version 12.00
# Visual Studio Version 17
VisualStudioVersion = 17.13.35931.197
MinimumVisualStudioVersion = 10.0.40219.1
Project("{FAE04EC0-301F-11D3-BF4B-00C04F79EFBC}") = "RoskildeDyreinternat", "RoskildeDyreinternat.csproj", "{7CAEE19E-D602-4990-9A6A-40079BCE2BF1}"
EndProject
Project("{FAE04EC0-301F-11D3-BF4B-00C04F79EFBC}") = "LibDyreInternat", "..\LibDyreInternat\LibDyreInternat.csproj", "{C85B9444-2A18-455A-B5D9-703937E67958}"
EndProject
Project("{FAE04EC0-301F-11D3-BF4B-00C04F79EFBC}") = "RazorDyreInternat", "..\RazorDyreInternat\RazorDyreInternat.csproj", "{FE851F33-718B-4835-B46B-9C3CEEC18AF4}"
EndProject
Global
	GlobalSection(SolutionConfigurationPlatforms) = preSolution
		Debug|Any CPU = Debug|Any CPU
		Release|Any CPU = Release|Any CPU
	EndGlobalSection
	GlobalSection(ProjectConfigurationPlatforms) = postSolution
		{7CAEE19E-D602-4990-9A6A-40079BCE2BF1}.Debug|Any CPU.ActiveCfg = Debug|Any CPU
		{7CAEE19E-D602-4990-9A6A-40079BCE2BF1}.Debug|Any CPU.Build.0 = Debug|Any CPU
		{7CAEE19E-D602-4990-9A6A-40079BCE2BF1}.Release|Any CPU.ActiveCfg = Release|Any CPU
		{7CAEE19E-D602-4990-9A6A-40079BCE2BF1}.Release|Any CPU.Build.0 = Release|Any CPU
		{C85B9444-2A18-455A-B5D9-703937E67958}.Debug|Any CPU.ActiveCfg = Debug|Any CPU
		{C85B9444-2A18-455A-B5D9-703937E67958}.Debug|Any CPU.Build.0 = Debug|Any CPU
		{C85B9444-2A18-455A-B5D9-703937E67958}.Release|Any CPU.ActiveCfg = Release|Any CPU
		{C85B9444-2A18-455A-B5D9-703937E67958}.Release|Any CPU.Build.0 = Release|Any CPU
		{FE851F33-718B-4835-B46B-9C3CEEC18AF4}.Debug|Any CPU.ActiveCfg = Debug|Any CPU
		{FE851F33-718B-4835-B46B-9C3CEEC18AF4}.Debug|Any CPU.Build.0 = Debug|Any CPU
		{FE851F33-718B-4835-B46B-9C3CEEC18AF4}.Release|Any CPU.ActiveCfg = Release|Any CPU
		{FE851F33-718B-4835-B46B-9C3CEEC18AF4}.Release|Any CPU.Build.0 = Release|Any CPU
	EndGlobalSection
	GlobalSection(SolutionProperties) = preSolution
		HideSolutionNode = FALSE
	EndGlobalSection
	GlobalSection(ExtensibilityGlobals) = postSolution
		SolutionGuid = {5BEE58E7-C42F-411E-95D3-6FAA93138C97}
	EndGlobalSection
EndGlobal
